# repo url commit
helpdesk https://github.com/OCA/helpdesk.git 5f7f54c167e3fb3b2bf6c19271ab9519643e75f0
mis-builder https://github.com/OCA/mis-builder.git 7d519f31e1a553d7a5499571a9146f7e3ea49ea4
project https://github.com/OCA/project.git 2ba869c7466476ec7fb913ae55a1ee49be62392b
queue https://github.com/OCA/queue.git da2664795eb525698f93dfdd63f6ba5c4c9fccba
reporting-engine https://github.com/OCA/reporting-engine.git b9e8c6cdd2d106614eddaf81bd78f487ae35db45
server-tools https://github.com/OCA/server-tools.git ff085d56f10e5d1dc68ef85482eb3fc34a5b62d2
server-ux https://github.com/OCA/server-ux.git f2485eef1437b7fd57e3d44a61537420bbf1b281
sign https://github.com/OCA/sign.git 3b768318bc5eaccb79535337478f49d59d17d0b1
tier-validation https://github.com/OCA/tier-validation.git 23d76cbf71d743345496c4833c2fcf8d31330848
web https://github.com/OCA/web.git a3cc33289f39b08032fa8703f86ccd7633e50a05a
